
Microsoft Visual Studio Solution File, Format Version 12.00
# Visual Studio Version 17
VisualStudioVersion = 17.5.33530.505
MinimumVisualStudioVersion = 10.0.40219.1
Project("{9A19103F-16F7-4668-BE54-9A1E7A4F7556}") = "ScramblerTest", "ScramblerTest\ScramblerTest.csproj", "{5E6D8351-95EF-4141-89A5-F072EC17C27F}"
EndProject
Project("{9A19103F-16F7-4668-BE54-9A1E7A4F7556}") = "Scrambler", "Scrambler\Scrambler.csproj", "{7467C911-DBDF-4777-A368-B399DFCEAC08}"
EndProject
Global
	GlobalSection(SolutionConfigurationPlatforms) = preSolution
		Debug|Any CPU = Debug|Any CPU
		Debug|x64 = Debug|x64
		Debug|x86 = Debug|x86
		Release|Any CPU = Release|Any CPU
		Release|x64 = Release|x64
		Release|x86 = Release|x86
	EndGlobalSection
	GlobalSection(ProjectConfigurationPlatforms) = postSolution
		{5E6D8351-95EF-4141-89A5-F072EC17C27F}.Debug|Any CPU.ActiveCfg = Debug|Any CPU
		{5E6D8351-95EF-4141-89A5-F072EC17C27F}.Debug|Any CPU.Build.0 = Debug|Any CPU
		{5E6D8351-95EF-4141-89A5-F072EC17C27F}.Debug|x64.ActiveCfg = Debug|Any CPU
		{5E6D8351-95EF-4141-89A5-F072EC17C27F}.Debug|x64.Build.0 = Debug|Any CPU
		{5E6D8351-95EF-4141-89A5-F072EC17C27F}.Debug|x86.ActiveCfg = Debug|Any CPU
		{5E6D8351-95EF-4141-89A5-F072EC17C27F}.Debug|x86.Build.0 = Debug|Any CPU
		{5E6D8351-95EF-4141-89A5-F072EC17C27F}.Release|Any CPU.ActiveCfg = Release|Any CPU
		{5E6D8351-95EF-4141-89A5-F072EC17C27F}.Release|Any CPU.Build.0 = Release|Any CPU
		{5E6D8351-95EF-4141-89A5-F072EC17C27F}.Release|x64.ActiveCfg = Release|Any CPU
		{5E6D8351-95EF-4141-89A5-F072EC17C27F}.Release|x64.Build.0 = Release|Any CPU
		{5E6D8351-95EF-4141-89A5-F072EC17C27F}.Release|x86.ActiveCfg = Release|Any CPU
		{5E6D8351-95EF-4141-89A5-F072EC17C27F}.Release|x86.Build.0 = Release|Any CPU
		{7467C911-DBDF-4777-A368-B399DFCEAC08}.Debug|Any CPU.ActiveCfg = Debug|Any CPU
		{7467C911-DBDF-4777-A368-B399DFCEAC08}.Debug|Any CPU.Build.0 = Debug|Any CPU
		{7467C911-DBDF-4777-A368-B399DFCEAC08}.Debug|x64.ActiveCfg = Debug|Any CPU
		{7467C911-DBDF-4777-A368-B399DFCEAC08}.Debug|x64.Build.0 = Debug|Any CPU
		{7467C911-DBDF-4777-A368-B399DFCEAC08}.Debug|x86.ActiveCfg = Debug|Any CPU
		{7467C911-DBDF-4777-A368-B399DFCEAC08}.Debug|x86.Build.0 = Debug|Any CPU
		{7467C911-DBDF-4777-A368-B399DFCEAC08}.Release|Any CPU.ActiveCfg = Release|Any CPU
		{7467C911-DBDF-4777-A368-B399DFCEAC08}.Release|Any CPU.Build.0 = Release|Any CPU
		{7467C911-DBDF-4777-A368-B399DFCEAC08}.Release|x64.ActiveCfg = Release|Any CPU
		{7467C911-DBDF-4777-A368-B399DFCEAC08}.Release|x64.Build.0 = Release|Any CPU
		{7467C911-DBDF-4777-A368-B399DFCEAC08}.Release|x86.ActiveCfg = Release|Any CPU
		{7467C911-DBDF-4777-A368-B399DFCEAC08}.Release|x86.Build.0 = Release|Any CPU
	EndGlobalSection
	GlobalSection(SolutionProperties) = preSolution
		HideSolutionNode = FALSE
	EndGlobalSection
	GlobalSection(ExtensibilityGlobals) = postSolution
		SolutionGuid = {7CCEB905-D329-4073-8C03-1D45FB560011}
	EndGlobalSection
EndGlobal
